
Microsoft Visual Studio Solution File, Format Version 12.00
# Visual Studio Version 17
VisualStudioVersion = 17.11.35219.272
MinimumVisualStudioVersion = 10.0.40219.1
Project("{FAE04EC0-301F-11D3-BF4B-00C04F79EFBC}") = "namespace4", "namespace4\namespace4.csproj", "{AA6A2670-6114-40B2-8D10-73F49119AE97}"
EndProject
Global
	GlobalSection(SolutionConfigurationPlatforms) = preSolution
		Debug|Any CPU = Debug|Any CPU
		Release|Any CPU = Release|Any CPU
	EndGlobalSection
	GlobalSection(ProjectConfigurationPlatforms) = postSolution
		{AA6A2670-6114-40B2-8D10-73F49119AE97}.Debug|Any CPU.ActiveCfg = Debug|Any CPU
		{AA6A2670-6114-40B2-8D10-73F49119AE97}.Debug|Any CPU.Build.0 = Debug|Any CPU
		{AA6A2670-6114-40B2-8D10-73F49119AE97}.Release|Any CPU.ActiveCfg = Release|Any CPU
		{AA6A2670-6114-40B2-8D10-73F49119AE97}.Release|Any CPU.Build.0 = Release|Any CPU
	EndGlobalSection
	GlobalSection(SolutionProperties) = preSolution
		HideSolutionNode = FALSE
	EndGlobalSection
	GlobalSection(ExtensibilityGlobals) = postSolution
		SolutionGuid = {98581D06-01E1-4BD3-A744-84EFA08CA5B3}
	EndGlobalSection
EndGlobal
